# This file was autogenerated by uv via the following command:
#    uv --cache-dir .cache\uv export --frozen --no-dev --no-emit-project --format requirements-txt --output-file requirements.lock
absl-py==2.5.0 \
    --hash=sha256:0c996f25c0490700fadabe6351630f6111534fa0ae252cc6d2014ea3b141135f \
    --hash=sha256:0f17b89f2a4eaaedc4f28c622998aa690564b3012a396a4ffad0821007fe03ba
    # via mujoco
annotated-types==0.8.0 \
    --hash=sha256:13b2beaad985e05e2d6407ee4c4f35590b11f8d693a258a561055cac8f64cab7 \
    --hash=sha256:f072f4d804ea359e4eaf198b1af7a8b0943881a87f31bb764f8bf219bb9419e0
    # via pydantic
anyio==4.15.1 \
    --hash=sha256:6152fdbbf9a77fdec97731721bebf7c4c44f7c29b424b0065826173efc7ed101 \
    --hash=sha256:9f28306018cbd6d329e64a36d58256edff76dd996fe423bc957326e578b82a94
    # via
    #   starlette
    #   watchfiles
click==8.5.0 \
    --hash=sha256:255bc9599cf7748b4b1a446ccc735421bd08a2ae529a8b88597d3de5664ee360 \
    --hash=sha256:ba0d2089de75ea0310e2dde03160e6ca10009947fb95a182f9b54021bb272e34
    # via uvicorn
colorama==0.4.6 ; sys_platform == 'win32' \
    --hash=sha256:08695f5cb7ed6e0531a20572697297273c47b8cae5a63ffc6d6ed5c201be6e44 \
    --hash=sha256:4f1d9991f5acc0ca119f9d443620b77f9d6b33703e51011c16baf57afb285fc6
    # via uvicorn
etils==1.14.0 \
    --hash=sha256:8136e7f4c4173cd0af0ca5481c4475152f0b8686192951eefa60ee8711e1ede4 \
    --hash=sha256:b5df7341f54dbe1405a4450b2741207b4a8c279780402b45f87202b94dfc52b4
    # via mujoco
fastapi==0.115.12 \
    --hash=sha256:1e2c2a2646905f9e83d32f04a3f86aff4a286669c6c950ca95b5fd68c2602681 \
    --hash=sha256:e94613d6c05e27be7ffebdd6ea5f388112e5e430c8f7d6494a9d1d88d43e814d
    # via slinky-lab
fsspec==2026.9.0 \
    --hash=sha256:0f08147951c8cb31d844c3547d631053b127863b60be04cf06e121333ee0e2fe \
    --hash=sha256:8dd6e646e99ea382bd85f97a45e6b526a442d79423a7dc673f1e2756d05fcb5f
    # via etils
glfw==2.10.2 \
    --hash=sha256:0ffe2b48b51f37b05e8f027f57c0b8cd213affaf22fc83401bd9621692d4c6c8 \
    --hash=sha256:15fd0666cd8f1b0ecb535c3abb712b8ddda053bf8d16de2353b1c6ced0e65402 \
    --hash=sha256:5d2cf97c66bc42a6b583be0e307eae5a3945438322e2ed0c5e4f14dc251d693d \
    --hash=sha256:7604425ec95665cc6a25c3ed7d07e9660d394a34472ceffaec0843c844e7b649 \
    --hash=sha256:82daf1f87b2a48815637dc6f6720d4a55a57ba1d3683322dc20dc28065754f97 \
    --hash=sha256:a04d25bb535a3a29e173ea1abd658e161681b5d3816e00bc51c122f74cd7fa3a \
    --hash=sha256:a94aefe8c48886fd83cd6e11e936846166a4b5b94abf1f4bf599d984774b0b1b \
    --hash=sha256:b860de3ca0686182483f98f3ddd12e660acf25b3e0d521450ec9a3f999f72a65 \
    --hash=sha256:c000b8a5e5fb4374b2c18d12347255ccb92001b9bcf80ef74c56072acbb98fe3
    # via mujoco
h11==0.16.0 \
    --hash=sha256:4e35b956cf45792e4caa5885e69fba00bdbc6ffafbfa020300e549b208ee5ff1 \
    --hash=sha256:63cf8bbe7522de3bf65932fda1d9c2772064ffb3dae62d55932da54b31cb6c86
    # via uvicorn
h5py==3.13.0 \
    --hash=sha256:1870e46518720023da85d0895a1960ff2ce398c5671eac3b1a41ec696b7105c3 \
    --hash=sha256:21daf38171753899b5905f3d82c99b0b1ec2cbbe282a037cad431feb620e62ec \
    --hash=sha256:357e6dc20b101a805ccfd0024731fbaf6e8718c18c09baf3b5e4e9d198d13fca \
    --hash=sha256:477c58307b6b9a2509c59c57811afb9f598aedede24a67da808262dfa0ee37b4 \
    --hash=sha256:57c4c74f627c616f02b7aec608a8c706fe08cb5b0ba7c08555a4eb1dde20805a \
    --hash=sha256:d6f13f9b5ce549448c01e4dfe08ea8d1772e6078799af2c1c8d09e941230a90d
    # via slinky-lab
httptools==0.8.0 \
    --hash=sha256:425f83884fd6343828d8c565f046cb72b6d19063f6924093e11bcd8e1548cd09 \
    --hash=sha256:5931891fb7b441b8a3853cf1b85c82c903defce084dd5f6771ca46e31bf862c5 \
    --hash=sha256:6b2a32f18d97e16e90827d7a819ffa8dbd8cc245fc4e1fa9d1095b54ef4bd999 \
    --hash=sha256:880490234c10f70a9830743097e8958d6e4b9f5a0ffc24515023afeef984054d \
    --hash=sha256:a1afd7c9fbff0d9f5d489c4ce2768bd09c84a46ddefc7161e6aa82ae35c85745 \
    --hash=sha256:b15fc622b0f869d19207c4089a501d9bcc63ca5e071ffdd2f03f922df882dcb2 \
    --hash=sha256:cd96f29b4bab1d42fa6e3d008711c75e0f79e94e06827330160e3a304227f150 \
    --hash=sha256:ef7c3c97f4311c7be57e2986629df89d49cb434dbff78eafcd48c2bff986b15a
    # via uvicorn
idna==3.20 \
    --hash=sha256:a7db850025b95ded1eae8a46181a1a6c56c92c96f0e2b005d9ff8dc0210cab44 \
    --hash=sha256:ab7ae7122974553370f0bdb919e1a960b2cd1bc1ef0276416d896db81c14582c
    # via anyio
mujoco==3.15.0 \
    --hash=sha256:18d1b33660c6431ef05398fc576ff1e073ea4119c6e6836f8a113e393d915308 \
    --hash=sha256:26a80bf26c31cc59221ab2074f93649a7bee0db87f8646202995dc2065a21e7e \
    --hash=sha256:7d88a16eeabdd6f24a48d50f3154b9cacd790248c29a362543b952a8e07b7df4 \
    --hash=sha256:8fe19489082c65ef3d14562b86cc19a096d12f3903fb9727c413d9a2e57e71b5 \
    --hash=sha256:9ff1a8b23ca567bf7ff074d920f178047c1a6f0b498eecb24ce078ff6e893626
    # via slinky-lab
numpy==2.2.5 \
    --hash=sha256:0cd48122a6b7eab8f06404805b1bd5856200e3ed6f8a1b9a194f9d9054631beb \
    --hash=sha256:2c1a1c6ccce4022383583a6ded7bbcda22fc635eb4eb1e0a053336425ed36dfa \
    --hash=sha256:3a801fef99668f309b88640e28d261991bfad9617c27beda4a3aec4f217ea073 \
    --hash=sha256:47834cde750d3c9f4e52c6ca28a7361859fcaf52695c7dc3cc1a720b8922683e \
    --hash=sha256:5a0ac90e46fdb5649ab6369d1ab6104bfe5854ab19b645bf5cda0127a13034ae \
    --hash=sha256:9d75f338f5f79ee23548b03d801d28a505198297534f62416391857ea0479571 \
    --hash=sha256:a9c0d994680cd991b1cb772e8b297340085466a6fe964bc9d4e80f5e2f43c291 \
    --hash=sha256:abe38cd8381245a7f49967a6010e77dbf3680bd3627c0fe4362dd693b404c7f8 \
    --hash=sha256:ced69262a8278547e63409b2653b372bf4baff0870c57efa76c5703fd6543282 \
    --hash=sha256:ec31367fd6a255dc8de4772bd1658c3e926d8e860a0b6e922b615e532d320ddc \
    --hash=sha256:ee461a4eaab4f165b68780a6a1af95fb23a29932be7569b9fab666c407969051
    # via
    #   h5py
    #   mujoco
    #   scipy
    #   slinky-lab
pydantic==2.11.4 \
    --hash=sha256:32738d19d63a226a52eed76645a98ee07c1f410ee41d93b4afbfa85ed8111c2d \
    --hash=sha256:d9615eaa9ac5a063471da949c8fc16376a84afb5024688b3ff885693506764eb
    # via
    #   fastapi
    #   slinky-lab
pydantic-core==2.33.2 \
    --hash=sha256:3c6db6e52c6d70aa0d00d45cdb9b40f0433b96380071ea80b09277dba021ddf7 \
    --hash=sha256:4e61206137cbc65e6d5256e1166f88331d3b6238e082d9f74613b9b765fb9025 \
    --hash=sha256:572c7e6c8bb4774d2ac88929e3d1f12bc45714ae5ee6d9a788a9fb35e60bb04b \
    --hash=sha256:5f483cfb75ff703095c59e365360cb73e00185e01aaea067cd19acffd2ab20ea \
    --hash=sha256:7cb8bc3605c29176e1b105350d2e6474142d7c1bd1d9327c4a9bdb46bf827acc \
    --hash=sha256:8f57a69461af2a5fa6e6bbd7a5f60d3b7e6cebb687f55106933188e79ad155c1 \
    --hash=sha256:96081f1605125ba0855dfda83f6f3df5ec90c61195421ba72223de35ccfb2f88 \
    --hash=sha256:9cb1da0f5a471435a7bc7e439b8a728e8b61e59784b2af70d7c169f8dd8ae290 \
    --hash=sha256:a7ec89dc587667f22b6a0b6579c249fca9026ce7c333fc142ba42411fa243cdc \
    --hash=sha256:c52b02ad8b4e2cf14ca7b3d918f3eb0ee91e63b3167c32591e57c4317e134f8f \
    --hash=sha256:cca3868ddfaccfbc4bfb1d608e2ccaaebe0ae628e1416aeb9c4d88c001bb45ab \
    --hash=sha256:db4b41f9bd95fbe5acd76d89920336ba96f03e149097365afe1cb092fceb89a1 \
    --hash=sha256:eb8c529b2819c37140eb51b914153063d27ed88e3bdc31b71198a198e921e011 \
    --hash=sha256:f941635f2a3d96b2973e867144fde513665c87f13fe0e193c158ac51bfaaa7b2 \
    --hash=sha256:fa854f5cf7e33842a892e5c73f45327760bc7bc516339fda888c75ae60edaeb6
    # via pydantic
pyopengl==3.1.10 \
    --hash=sha256:794a943daced39300879e4e47bd94525280685f42dbb5a998d336cfff151d74f \
    --hash=sha256:c4a02d6866b54eb119c8e9b3fb04fa835a95ab802dd96607ab4cdb0012df8335
    # via mujoco
python-dotenv==1.2.4 \
    --hash=sha256:42269a8a5b3fd54ffa6f3d84b18abed50064717576b4ecf03dc4a55d8aa04fdc \
    --hash=sha256:f0d53e69935a851c0dcc78f3ab7aaccd8cabef0b92382b576b824212902873c0
    # via uvicorn
python-multipart==0.0.20 \
    --hash=sha256:8a62d3a8335e06589fe01f2a3e178cdcc632f3fbe0d492ad9ee0ec35aab1f104 \
    --hash=sha256:8dd0cab45b8e23064ae09147625994d090fa46f5b0d1e13af944c331a7fa9d13
    # via slinky-lab
pyyaml==6.0.3 \
    --hash=sha256:41715c910c881bc081f1e8872880d3c650acf13dfa8214bad49ed4cede7c34ea \
    --hash=sha256:5fcd34e47f6e0b794d17de1b4ff496c00986e1c83f7ab2fb8fcfe9616ff7477b \
    --hash=sha256:5fdec68f91a0c6739b380c83b951e2c72ac0197ace422360e6d5a959d8d97b2c \
    --hash=sha256:64386e5e707d03a7e172c0701abfb7e10f0fb753ee1d773128192742712a98fd \
    --hash=sha256:7f047e29dcae44602496db43be01ad42fc6f1cc0d8cd6c83d342306c32270196 \
    --hash=sha256:8dc52c23056b9ddd46818a57b78404882310fb473d63f17b07d5c40421e47f8e \
    --hash=sha256:9149cad251584d5fb4981be1ecde53a1ca46c891a79788c0df828d2f166bda28 \
    --hash=sha256:96b533f0e99f6579b3d4d4995707cf36df9100d67e0c8303a0c55b27b5f99bc5 \
    --hash=sha256:ba1cc08a7ccde2d2ec775841541641e4548226580ab850948cbfda66a1befcdc \
    --hash=sha256:d76623373421df22fb4cf8817020cbb7ef15c725b9d5e45f17e189bfc384190f \
    --hash=sha256:fc09d0aa354569bc501d4e787133afc08552722d3ab34836a80547331bb5d4a0
    # via uvicorn
scipy==1.15.2 \
    --hash=sha256:03205d57a28e18dfd39f0377d5002725bf1f19a46f444108c29bdb246b6c8a11 \
    --hash=sha256:2b871df1fe1a3ba85d90e22742b93584f8d2b8e6124f8372ab15c71b73e428b8 \
    --hash=sha256:5a6fd6eac1ce74a9f77a7fc724080d507c5812d61e72bd5e4c489b042455865e \
    --hash=sha256:601881dfb761311045b03114c5fe718a12634e5608c3b403737ae463c9885d53 \
    --hash=sha256:869269b767d5ee7ea6991ed7e22b3ca1f22de73ab9a49c44bad338b725603301 \
    --hash=sha256:b09ae80010f52efddb15551025f9016c910296cf70adbf03ce2a8704f3a5ad20 \
    --hash=sha256:bad78d580270a4d32470563ea86c6590b465cb98f83d760ff5b0990cb5518a93 \
    --hash=sha256:c4697a10da8f8765bb7c83e24a470da5797e37041edfd77fd95ba3811a47c4fd \
    --hash=sha256:cd58a314d92838f7e6f755c8a2167ead4f27e1fd5c1251fd54289569ef3495ec \
    --hash=sha256:e7c68b6a43259ba0aab737237876e5c2c549a031ddb7abc28c7b47f22e202ded
    # via slinky-lab
starlette==0.46.2 \
    --hash=sha256:595633ce89f8ffa71a015caed34a5b2dc1c0cdb3f0f1fbd1e69339cf2abeec35 \
    --hash=sha256:7f7361f34eed179294600af672f565727419830b54b7b084efe44bb82d2fccd5
    # via fastapi
typing-extensions==4.16.0 \
    --hash=sha256:481caa481374e813c1b176ada14e97f1f67a4539ce9cfeb3f350d78d6370c2e8 \
    --hash=sha256:dc983d19a509c94dba722ee6abd33940f7c05a89e243c47e907eb4db6f1a43e5
    # via
    #   anyio
    #   etils
    #   fastapi
    #   pydantic
    #   pydantic-core
    #   typing-inspection
typing-inspection==0.4.4 \
    --hash=sha256:547274fa6b0a561ccf549cc9524b999a578e737d015d8709d021f9d0d13bea47 \
    --hash=sha256:65b8397ba37ccbce054456aaccddfc91e6e3083c92824df348d96ca832f3f147
    # via pydantic
uvicorn==0.34.2 \
    --hash=sha256:0e929828f6186353a80b58ea719861d2629d766293b6d19baf086ba31d4f3328 \
    --hash=sha256:deb49af569084536d269fe0a6d67e3754f104cf03aba7c11c40f01aadf33c403
    # via slinky-lab
uvloop==0.23.0 ; platform_python_implementation != 'PyPy' and sys_platform != 'cygwin' and sys_platform != 'win32' \
    --hash=sha256:090865d8ce7a03986755a3ce711b7dd0d4b44eb14ab74368b717f3fad1180208 \
    --hash=sha256:28d160f51ab4da3b187063652e643dea6831072add4adc1e6d62afbe73b6be27 \
    --hash=sha256:4448e9124537620f9c25d004c227bb5104440b58955c19bbd312d910af919a63 \
    --hash=sha256:93935ab27b6eaef4c3e5489aebc84284f0644592f7ab516df60ee1b27eaf5eb3 \
    --hash=sha256:a6ac96da66c35bf789bdcde78a88dc7d56b7907d8379648c54adc1c61594575d \
    --hash=sha256:bd6f2f81c7b9da99d301c0b16b82044e76fe887086e42e1590ecf520b94dbdac \
    --hash=sha256:f7548ede3ee908cfabc0d068106e303a9a2d811af959cdf6ab85676344cedcda
    # via uvicorn
watchfiles==1.3.0 \
    --hash=sha256:000b9688fc8133037a8b075c8ebf98f32844ff8964dda61e85c1db547dafc441 \
    --hash=sha256:025b108f2d5cc2799cb941f79380df3e8b22bfb589c218e801767fe78d598c95 \
    --hash=sha256:1acabde19b67e673274e89a04d613b7fb1f122e2c4b8ec9a581e59c149264b61 \
    --hash=sha256:380f513d26cc2e598266b88d66456e07d67ef4be8f0f435a1154d9c44b43d509 \
    --hash=sha256:4af9c464d410e8c44b58ddf1cbec7c3a02c1cb2c6c80df9c74659ba2fbda0ab5 \
    --hash=sha256:509d9f74d2bec5c1f4cd868ddcfe0c9601f7ea53066dfcb19d8ede742c4de661 \
    --hash=sha256:7398930a2b76b9dc67a4e6b8bfc7baf30946892a86f417a3920c07bdd6febc30 \
    --hash=sha256:99aee4a07847c06820765fd7b1b49ceac4f3f711ccb7d104655a33231de1c207 \
    --hash=sha256:b5768b49e426fd5b550b012c866db347cdf15c398ef98dc557b6e6b72fa74cd1 \
    --hash=sha256:bbc1198edfdc90fda0600f825aa94150f428dfcbf8138746f55998e0e660d64c \
    --hash=sha256:be9ef3cd403d756a304a0a08a112163c63da7ec72c8c9d083c98818291ff8f29 \
    --hash=sha256:d36c72fcdc08f143d87316a4c4c3b064e340da2c7383d39803950740ed418935 \
    --hash=sha256:d978cc1dd7ba44f5590d7de74f7a9c8be7262d9e469c2c0efb8bbfc2574321dc \
    --hash=sha256:eb94e40b9a0db19636b5e3fed0a9803452ecc7381df13b385272abb779ee83ca \
    --hash=sha256:f0c9865240e065a2247f4b5248528ae3d01e0e8ae071462c250c884dc16e3ee3
    # via uvicorn
websockets==17.2 \
    --hash=sha256:01420cb1cb47433e8e7075d32cb8017ad3ffed0654bd1e48c0251b865920dec3 \
    --hash=sha256:0198c4ec6a3406a2f7557c032967de426474c2c995c81076585e09d29a9f407b \
    --hash=sha256:0360c4dc13ac569cc245e0efa2f4d4b1e4733d24c47b8ab3f3747227b1356348 \
    --hash=sha256:3621f3686397708b8eeabfd0a9d75267c1f29a7537d2fe31e65d099e71587fa4 \
    --hash=sha256:36c2fb94c990cc2545143b12690e2de6c16300f9dbe5b4f33fa300cf57dc8792 \
    --hash=sha256:3bbc5543e39ee025d524077c5c15c2d67bc11c9f6676afe5b531839e24d701f6 \
    --hash=sha256:63499fc49efe48bccc2fca40723bc7adb198866cbe159093dd979905316994b6 \
    --hash=sha256:6627b913b8586b1c06db9516b31dd0dfbc621de3bb9312616d92a7e44f268a5b \
    --hash=sha256:6aa59f0ef92e796b2db6f5f26550c4713c0e4036899fadf02f55e2ed4db0b7ae \
    --hash=sha256:76693a16dead737946b651375ee3109d7db7ad9569a1c55c60aaed3ef85cfcc6 \
    --hash=sha256:77a42cc507993ec5471b5283f7eef869239173b6000031543e3938a86d1af0fd \
    --hash=sha256:88c6a42c2632ff469e84155e44f6ed92cb15ccb047bf5fcb59225ae5a12fd33d \
    --hash=sha256:8da58558bfb0ca6ccac2419773521f1111e40654038b1afabdfc69c02cb82614 \
    --hash=sha256:916ebdfd82e7fc68041d36b2b5f60361b9abce1e087454da15f8bd004839e090 \
    --hash=sha256:96f6c8d0fe21930d1f982bfce2382789d2e8d005d2ab63d21280660f95ef8fe1 \
    --hash=sha256:a81e19710d48da88653473b6b9c366d47e99fe4f58e37ce415be47966748f31f \
    --hash=sha256:b25659ab2d655d742701487d5591e3f98e8f8b329fc999e05e3d59691ab344a1 \
    --hash=sha256:c1c09d5d4646eb96bda2cfb97493bcea21a0956a981de116e6b1f4a9de07f3fd \
    --hash=sha256:c49c9edd47d0e44d360299e2d8865e2950d2fcf1b4098782c9d7dcd070919e5a \
    --hash=sha256:eb0023e6cdb4b8ece0b33875188dd16104ad8c335361d396a98394f99e30ff7a \
    --hash=sha256:f2731f9067976c8c4127212c0d2f2ada42d497d935e470419e029802365b12bb \
    --hash=sha256:faa763b677e96f1beccc6b4d7e8c079dfeed2f249f57a19debc321b519ee64ec
    # via
    #   mujoco
    #   uvicorn
zipp==4.1.1 \
    --hash=sha256:7ebb7a44c021b29fd8dbd7cce6812d0d7b5b454521f93cc71af6ccd155aaa70b \
    --hash=sha256:8979f52d874162f485ff2981e3891f3a3317b7a3dd43ff1e1775b9304f307a9c
    # via etils
